
Microsoft Visual Studio Solution File, Format Version 11.00
# Visual Studio 2010
# SharpDevelop 5.1
Project("{FAE04EC0-301F-11D3-BF4B-00C04F79EFBC}") = "CatiaCamshaft", "CatiaCamshaft\CatiaCamshaft.csproj", "{2CC6629C-A82D-4A40-9976-000831CC62CF}"
EndProject
Global
	GlobalSection(SolutionConfigurationPlatforms) = preSolution
		Debug|Any CPU = Debug|Any CPU
		Release|Any CPU = Release|Any CPU
	EndGlobalSection
	GlobalSection(ProjectConfigurationPlatforms) = postSolution
		{2CC6629C-A82D-4A40-9976-000831CC62CF}.Debug|Any CPU.ActiveCfg = Debug|Any CPU
		{2CC6629C-A82D-4A40-9976-000831CC62CF}.Debug|Any CPU.Build.0 = Debug|Any CPU
		{2CC6629C-A82D-4A40-9976-000831CC62CF}.Release|Any CPU.ActiveCfg = Release|Any CPU
		{2CC6629C-A82D-4A40-9976-000831CC62CF}.Release|Any CPU.Build.0 = Release|Any CPU
	EndGlobalSection
EndGlobal
